
Microsoft Visual Studio Solution File, Format Version 12.00
# Visual Studio Version 16
VisualStudioVersion = 16.0.29306.81
MinimumVisualStudioVersion = 10.0.40219.1
Project("{FAE04EC0-301F-11D3-BF4B-00C04F79EFBC}") = "MacroBuilderV2", "MacroBuilderV2.csproj", "{A05F3131-139F-41AD-9971-A62DA8B3DAFA}"
EndProject
Global
	GlobalSection(SolutionConfigurationPlatforms) = preSolution
		Debug|Any CPU = Debug|Any CPU
		Release|Any CPU = Release|Any CPU
	EndGlobalSection
	GlobalSection(ProjectConfigurationPlatforms) = postSolution
		{A05F3131-139F-41AD-9971-A62DA8B3DAFA}.Debug|Any CPU.ActiveCfg = Debug|Any CPU
		{A05F3131-139F-41AD-9971-A62DA8B3DAFA}.Debug|Any CPU.Build.0 = Debug|Any CPU
		{A05F3131-139F-41AD-9971-A62DA8B3DAFA}.Release|Any CPU.ActiveCfg = Release|Any CPU
		{A05F3131-139F-41AD-9971-A62DA8B3DAFA}.Release|Any CPU.Build.0 = Release|Any CPU
	EndGlobalSection
	GlobalSection(SolutionProperties) = preSolution
		HideSolutionNode = FALSE
	EndGlobalSection
	GlobalSection(ExtensibilityGlobals) = postSolution
		SolutionGuid = {AF021EEA-42C9-4B69-B2CF-8528E9E33DED}
	EndGlobalSection
EndGlobal
